// !$*UTF8*$!
{
	archiveVersion = 1;
	classes = {
	};
	objectVersion = 50;
	objects = {

/* Begin PBXBuildFile section */
		24C02D39223FA7B70040DAA6 /* CYX_DownLoad.framework in Frameworks */ = {isa = PBXBuildFile; fileRef = 24C02D2F223FA7B70040DAA6 /* CYX_DownLoad.framework */; };
		24C02D3E223FA7B70040DAA6 /* CYX_DownLoadTests.m in Sources */ = {isa = PBXBuildFile; fileRef = 24C02D3D223FA7B70040DAA6 /* CYX_DownLoadTests.m */; };
		24C02D40223FA7B70040DAA6 /* CYX_DownLoad.h in Headers */ = {isa = PBXBuildFile; fileRef = 24C02D32223FA7B70040DAA6 /* CYX_DownLoad.h */; settings = {ATTRIBUTES = (Public, ); }; };
		24C02D8E223FA9E10040DAA6 /* NSURLSessionTask+CYXModel.h in Headers */ = {isa = PBXBuildFile; fileRef = 24C02D7F223FA9E00040DAA6 /* NSURLSessionTask+CYXModel.h */; settings = {ATTRIBUTES = (Public, ); }; };
		24C02D8F223FA9E10040DAA6 /* NSURLSessionTask+CYXModel.m in Sources */ = {isa = PBXBuildFile; fileRef = 24C02D80223FA9E00040DAA6 /* NSURLSessionTask+CYXModel.m */; };
		24C02D90223FA9E10040DAA6 /* CYXDownloadOperation.m in Sources */ = {isa = PBXBuildFile; fileRef = 24C02D81223FA9E10040DAA6 /* CYXDownloadOperation.m */; };
		24C02D91223FA9E10040DAA6 /* CYXDownLoadModel.h in Headers */ = {isa = PBXBuildFile; fileRef = 24C02D82223FA9E10040DAA6 /* CYXDownLoadModel.h */; settings = {ATTRIBUTES = (Public, ); }; };
		24C02D92223FA9E10040DAA6 /* CYXDownloadOperation.h in Headers */ = {isa = PBXBuildFile; fileRef = 24C02D83223FA9E10040DAA6 /* CYXDownloadOperation.h */; settings = {ATTRIBUTES = (Public, ); }; };
		24C02D93223FA9E10040DAA6 /* CYXDownLoadModel.m in Sources */ = {isa = PBXBuildFile; fileRef = 24C02D84223FA9E10040DAA6 /* CYXDownLoadModel.m */; };
		24C02D94223FA9E10040DAA6 /* CYXWebDownloadModel.m in Sources */ = {isa = PBXBuildFile; fileRef = 24C02D85223FA9E10040DAA6 /* CYXWebDownloadModel.m */; };
		24C02D95223FA9E10040DAA6 /* CYXUncaughtExceptionHandler.h in Headers */ = {isa = PBXBuildFile; fileRef = 24C02D86223FA9E10040DAA6 /* CYXUncaughtExceptionHandler.h */; settings = {ATTRIBUTES = (Public, ); }; };
		24C02D96223FA9E10040DAA6 /* CYXDownloadConst.h in Headers */ = {isa = PBXBuildFile; fileRef = 24C02D87223FA9E10040DAA6 /* CYXDownloadConst.h */; settings = {ATTRIBUTES = (Public, ); }; };
		24C02D97223FA9E10040DAA6 /* CYXUncaughtExceptionHandler.m in Sources */ = {isa = PBXBuildFile; fileRef = 24C02D88223FA9E10040DAA6 /* CYXUncaughtExceptionHandler.m */; };
		24C02D98223FA9E10040DAA6 /* CYXDownloadManager.m in Sources */ = {isa = PBXBuildFile; fileRef = 24C02D89223FA9E10040DAA6 /* CYXDownloadManager.m */; };
		24C02D99223FA9E10040DAA6 /* CYXWebDownloadModel.h in Headers */ = {isa = PBXBuildFile; fileRef = 24C02D8A223FA9E10040DAA6 /* CYXWebDownloadModel.h */; settings = {ATTRIBUTES = (Public, ); }; };
		24C02D9A223FA9E10040DAA6 /* CYXDownloadManager.h in Headers */ = {isa = PBXBuildFile; fileRef = 24C02D8B223FA9E10040DAA6 /* CYXDownloadManager.h */; settings = {ATTRIBUTES = (Public, ); }; };
		24C02D9B223FA9E10040DAA6 /* WebSourceManager.h in Headers */ = {isa = PBXBuildFile; fileRef = 24C02D8C223FA9E10040DAA6 /* WebSourceManager.h */; settings = {ATTRIBUTES = (Public, ); }; };
		24C02D9C223FA9E10040DAA6 /* WebSourceManager.m in Sources */ = {isa = PBXBuildFile; fileRef = 24C02D8D223FA9E10040DAA6 /* WebSourceManager.m */; };
/* End PBXBuildFile section */

/* Begin PBXContainerItemProxy section */
		24C02D3A223FA7B70040DAA6 /* PBXContainerItemProxy */ = {
			isa = PBXContainerItemProxy;
			containerPortal = 24C02D26223FA7B70040DAA6 /* Project object */;
			proxyType = 1;
			remoteGlobalIDString = 24C02D2E223FA7B70040DAA6;
			remoteInfo = CYX_DownLoad;
		};
/* End PBXContainerItemProxy section */

/* Begin PBXFileReference section */
		24C02D2F223FA7B70040DAA6 /* CYX_DownLoad.framework */ = {isa = PBXFileReference; explicitFileType = wrapper.framework; includeInIndex = 0; path = CYX_DownLoad.framework; sourceTree = BUILT_PRODUCTS_DIR; };
		24C02D32223FA7B70040DAA6 /* CYX_DownLoad.h */ = {isa = PBXFileReference; lastKnownFileType = sourcecode.c.h; path = CYX_DownLoad.h; sourceTree = "<group>"; };
		24C02D33223FA7B70040DAA6 /* Info.plist */ = {isa = PBXFileReference; lastKnownFileType = text.plist.xml; path = Info.plist; sourceTree = "<group>"; };
		24C02D38223FA7B70040DAA6 /* CYX_DownLoadTests.xctest */ = {isa = PBXFileReference; explicitFileType = wrapper.cfbundle; includeInIndex = 0; path = CYX_DownLoadTests.xctest; sourceTree = BUILT_PRODUCTS_DIR; };
		24C02D3D223FA7B70040DAA6 /* CYX_DownLoadTests.m */ = {isa = PBXFileReference; lastKnownFileType = sourcecode.c.objc; path = CYX_DownLoadTests.m; sourceTree = "<group>"; };
		24C02D3F223FA7B70040DAA6 /* Info.plist */ = {isa = PBXFileReference; lastKnownFileType = text.plist.xml; path = Info.plist; sourceTree = "<group>"; };
		24C02D68223FA7FA0040DAA6 /* MJPropertyKey.h */ = {isa = PBXFileReference; lastKnownFileType = sourcecode.c.h; path = MJPropertyKey.h; sourceTree = "<group>"; };
		24C02D69223FA7FA0040DAA6 /* NSObject+MJClass.h */ = {isa = PBXFileReference; lastKnownFileType = sourcecode.c.h; path = "NSObject+MJClass.h"; sourceTree = "<group>"; };
		24C02D6A223FA7FA0040DAA6 /* NSString+MJExtension.h */ = {isa = PBXFileReference; lastKnownFileType = sourcecode.c.h; path = "NSString+MJExtension.h"; sourceTree = "<group>"; };
		24C02D6B223FA7FA0040DAA6 /* MJPropertyType.m */ = {isa = PBXFileReference; lastKnownFileType = sourcecode.c.objc; path = MJPropertyType.m; sourceTree = "<group>"; };
		24C02D6C223FA7FA0040DAA6 /* NSObject+MJProperty.h */ = {isa = PBXFileReference; lastKnownFileType = sourcecode.c.h; path = "NSObject+MJProperty.h"; sourceTree = "<group>"; };
		24C02D6D223FA7FA0040DAA6 /* MJExtensionConst.h */ = {isa = PBXFileReference; lastKnownFileType = sourcecode.c.h; path = MJExtensionConst.h; sourceTree = "<group>"; };
		24C02D6E223FA7FA0040DAA6 /* NSObject+MJKeyValue.m */ = {isa = PBXFileReference; lastKnownFileType = sourcecode.c.objc; path = "NSObject+MJKeyValue.m"; sourceTree = "<group>"; };
		24C02D6F223FA7FA0040DAA6 /* MJProperty.m */ = {isa = PBXFileReference; lastKnownFileType = sourcecode.c.objc; path = MJProperty.m; sourceTree = "<group>"; };
		24C02D70223FA7FA0040DAA6 /* MJFoundation.h */ = {isa = PBXFileReference; lastKnownFileType = sourcecode.c.h; path = MJFoundation.h; sourceTree = "<group>"; };
		24C02D71223FA7FA0040DAA6 /* NSObject+MJCoding.m */ = {isa = PBXFileReference; lastKnownFileType = sourcecode.c.objc; path = "NSObject+MJCoding.m"; sourceTree = "<group>"; };
		24C02D72223FA7FA0040DAA6 /* MJExtension.h */ = {isa = PBXFileReference; lastKnownFileType = sourcecode.c.h; path = MJExtension.h; sourceTree = "<group>"; };
		24C02D73223FA7FA0040DAA6 /* MJExtensionConst.m */ = {isa = PBXFileReference; lastKnownFileType = sourcecode.c.objc; path = MJExtensionConst.m; sourceTree = "<group>"; };
		24C02D74223FA7FA0040DAA6 /* NSObject+MJProperty.m */ = {isa = PBXFileReference; lastKnownFileType = sourcecode.c.objc; path = "NSObject+MJProperty.m"; sourceTree = "<group>"; };
		24C02D75223FA7FA0040DAA6 /* MJPropertyType.h */ = {isa = PBXFileReference; lastKnownFileType = sourcecode.c.h; path = MJPropertyType.h; sourceTree = "<group>"; };
		24C02D76223FA7FA0040DAA6 /* NSObject+MJClass.m */ = {isa = PBXFileReference; lastKnownFileType = sourcecode.c.objc; path = "NSObject+MJClass.m"; sourceTree = "<group>"; };
		24C02D77223FA7FA0040DAA6 /* NSString+MJExtension.m */ = {isa = PBXFileReference; lastKnownFileType = sourcecode.c.objc; path = "NSString+MJExtension.m"; sourceTree = "<group>"; };
		24C02D78223FA7FA0040DAA6 /* MJPropertyKey.m */ = {isa = PBXFileReference; lastKnownFileType = sourcecode.c.objc; path = MJPropertyKey.m; sourceTree = "<group>"; };
		24C02D79223FA7FA0040DAA6 /* MJProperty.h */ = {isa = PBXFileReference; lastKnownFileType = sourcecode.c.h; path = MJProperty.h; sourceTree = "<group>"; };
		24C02D7A223FA7FA0040DAA6 /* NSObject+MJKeyValue.h */ = {isa = PBXFileReference; lastKnownFileType = sourcecode.c.h; path = "NSObject+MJKeyValue.h"; sourceTree = "<group>"; };
		24C02D7B223FA7FA0040DAA6 /* NSObject+MJCoding.h */ = {isa = PBXFileReference; lastKnownFileType = sourcecode.c.h; path = "NSObject+MJCoding.h"; sourceTree = "<group>"; };
		24C02D7C223FA7FA0040DAA6 /* MJFoundation.m */ = {isa = PBXFileReference; lastKnownFileType = sourcecode.c.objc; path = MJFoundation.m; sourceTree = "<group>"; };
		24C02D7F223FA9E00040DAA6 /* NSURLSessionTask+CYXModel.h */ = {isa = PBXFileReference; fileEncoding = 4; lastKnownFileType = sourcecode.c.h; path = "NSURLSessionTask+CYXModel.h"; sourceTree = "<group>"; };
		24C02D80223FA9E00040DAA6 /* NSURLSessionTask+CYXModel.m */ = {isa = PBXFileReference; fileEncoding = 4; lastKnownFileType = sourcecode.c.objc; path = "NSURLSessionTask+CYXModel.m"; sourceTree = "<group>"; };
		24C02D81223FA9E10040DAA6 /* CYXDownloadOperation.m */ = {isa = PBXFileReference; fileEncoding = 4; lastKnownFileType = sourcecode.c.objc; path = CYXDownloadOperation.m; sourceTree = "<group>"; };
		24C02D82223FA9E10040DAA6 /* CYXDownLoadModel.h */ = {isa = PBXFileReference; fileEncoding = 4; lastKnownFileType = sourcecode.c.h; path = CYXDownLoadModel.h; sourceTree = "<group>"; };
		24C02D83223FA9E10040DAA6 /* CYXDownloadOperation.h */ = {isa = PBXFileReference; fileEncoding = 4; lastKnownFileType = sourcecode.c.h; path = CYXDownloadOperation.h; sourceTree = "<group>"; };
		24C02D84223FA9E10040DAA6 /* CYXDownLoadModel.m */ = {isa = PBXFileReference; fileEncoding = 4; lastKnownFileType = sourcecode.c.objc; path = CYXDownLoadModel.m; sourceTree = "<group>"; };
		24C02D85223FA9E10040DAA6 /* CYXWebDownloadModel.m */ = {isa = PBXFileReference; fileEncoding = 4; lastKnownFileType = sourcecode.c.objc; path = CYXWebDownloadModel.m; sourceTree = "<group>"; };
		24C02D86223FA9E10040DAA6 /* CYXUncaughtExceptionHandler.h */ = {isa = PBXFileReference; fileEncoding = 4; lastKnownFileType = sourcecode.c.h; path = CYXUncaughtExceptionHandler.h; sourceTree = "<group>"; };
		24C02D87223FA9E10040DAA6 /* CYXDownloadConst.h */ = {isa = PBXFileReference; fileEncoding = 4; lastKnownFileType = sourcecode.c.h; path = CYXDownloadConst.h; sourceTree = "<group>"; };
		24C02D88223FA9E10040DAA6 /* CYXUncaughtExceptionHandler.m */ = {isa = PBXFileReference; fileEncoding = 4; lastKnownFileType = sourcecode.c.objc; path = CYXUncaughtExceptionHandler.m; sourceTree = "<group>"; };
		24C02D89223FA9E10040DAA6 /* CYXDownloadManager.m */ = {isa = PBXFileReference; fileEncoding = 4; lastKnownFileType = sourcecode.c.objc; path = CYXDownloadManager.m; sourceTree = "<group>"; };
		24C02D8A223FA9E10040DAA6 /* CYXWebDownloadModel.h */ = {isa = PBXFileReference; fileEncoding = 4; lastKnownFileType = sourcecode.c.h; path = CYXWebDownloadModel.h; sourceTree = "<group>"; };
		24C02D8B223FA9E10040DAA6 /* CYXDownloadManager.h */ = {isa = PBXFileReference; fileEncoding = 4; lastKnownFileType = sourcecode.c.h; path = CYXDownloadManager.h; sourceTree = "<group>"; };
		24C02D8C223FA9E10040DAA6 /* WebSourceManager.h */ = {isa = PBXFileReference; fileEncoding = 4; lastKnownFileType = sourcecode.c.h; path = WebSourceManager.h; sourceTree = "<group>"; };
		24C02D8D223FA9E10040DAA6 /* WebSourceManager.m */ = {isa = PBXFileReference; fileEncoding = 4; lastKnownFileType = sourcecode.c.objc; path = WebSourceManager.m; sourceTree = "<group>"; };
/* End PBXFileReference section */

/* Begin PBXFrameworksBuildPhase section */
		24C02D2C223FA7B70040DAA6 /* Frameworks */ = {
			isa = PBXFrameworksBuildPhase;
			buildActionMask = 2147483647;
			files = (
			);
			runOnlyForDeploymentPostprocessing = 0;
		};
		24C02D35223FA7B70040DAA6 /* Frameworks */ = {
			isa = PBXFrameworksBuildPhase;
			buildActionMask = 2147483647;
			files = (
				24C02D39223FA7B70040DAA6 /* CYX_DownLoad.framework in Frameworks */,
			);
			runOnlyForDeploymentPostprocessing = 0;
		};
/* End PBXFrameworksBuildPhase section */

/* Begin PBXGroup section */
		24C02D25223FA7B70040DAA6 = {
			isa = PBXGroup;
			children = (
				24C02D31223FA7B70040DAA6 /* CYX_DownLoad */,
				24C02D3C223FA7B70040DAA6 /* CYX_DownLoadTests */,
				24C02D30223FA7B70040DAA6 /* Products */,
			);
			sourceTree = "<group>";
		};
		24C02D30223FA7B70040DAA6 /* Products */ = {
			isa = PBXGroup;
			children = (
				24C02D2F223FA7B70040DAA6 /* CYX_DownLoad.framework */,
				24C02D38223FA7B70040DAA6 /* CYX_DownLoadTests.xctest */,
			);
			name = Products;
			sourceTree = "<group>";
		};
		24C02D31223FA7B70040DAA6 /* CYX_DownLoad */ = {
			isa = PBXGroup;
			children = (
				24C02D67223FA7FA0040DAA6 /* MJExtension */,
				24C02D32223FA7B70040DAA6 /* CYX_DownLoad.h */,
				24C02D87223FA9E10040DAA6 /* CYXDownloadConst.h */,
				24C02D8B223FA9E10040DAA6 /* CYXDownloadManager.h */,
				24C02D89223FA9E10040DAA6 /* CYXDownloadManager.m */,
				24C02D82223FA9E10040DAA6 /* CYXDownLoadModel.h */,
				24C02D84223FA9E10040DAA6 /* CYXDownLoadModel.m */,
				24C02D83223FA9E10040DAA6 /* CYXDownloadOperation.h */,
				24C02D81223FA9E10040DAA6 /* CYXDownloadOperation.m */,
				24C02D86223FA9E10040DAA6 /* CYXUncaughtExceptionHandler.h */,
				24C02D88223FA9E10040DAA6 /* CYXUncaughtExceptionHandler.m */,
				24C02D8A223FA9E10040DAA6 /* CYXWebDownloadModel.h */,
				24C02D85223FA9E10040DAA6 /* CYXWebDownloadModel.m */,
				24C02D7F223FA9E00040DAA6 /* NSURLSessionTask+CYXModel.h */,
				24C02D80223FA9E00040DAA6 /* NSURLSessionTask+CYXModel.m */,
				24C02D8C223FA9E10040DAA6 /* WebSourceManager.h */,
				24C02D8D223FA9E10040DAA6 /* WebSourceManager.m */,
				24C02D33223FA7B70040DAA6 /* Info.plist */,
			);
			path = CYX_DownLoad;
			sourceTree = "<group>";
		};
		24C02D3C223FA7B70040DAA6 /* CYX_DownLoadTests */ = {
			isa = PBXGroup;
			children = (
				24C02D3D223FA7B70040DAA6 /* CYX_DownLoadTests.m */,
				24C02D3F223FA7B70040DAA6 /* Info.plist */,
			);
			path = CYX_DownLoadTests;
			sourceTree = "<group>";
		};
		24C02D67223FA7FA0040DAA6 /* MJExtension */ = {
			isa = PBXGroup;
			children = (
				24C02D68223FA7FA0040DAA6 /* MJPropertyKey.h */,
				24C02D69223FA7FA0040DAA6 /* NSObject+MJClass.h */,
				24C02D6A223FA7FA0040DAA6 /* NSString+MJExtension.h */,
				24C02D6B223FA7FA0040DAA6 /* MJPropertyType.m */,
				24C02D6C223FA7FA0040DAA6 /* NSObject+MJProperty.h */,
				24C02D6D223FA7FA0040DAA6 /* MJExtensionConst.h */,
				24C02D6E223FA7FA0040DAA6 /* NSObject+MJKeyValue.m */,
				24C02D6F223FA7FA0040DAA6 /* MJProperty.m */,
				24C02D70223FA7FA0040DAA6 /* MJFoundation.h */,
				24C02D71223FA7FA0040DAA6 /* NSObject+MJCoding.m */,
				24C02D72223FA7FA0040DAA6 /* MJExtension.h */,
				24C02D73223FA7FA0040DAA6 /* MJExtensionConst.m */,
				24C02D74223FA7FA0040DAA6 /* NSObject+MJProperty.m */,
				24C02D75223FA7FA0040DAA6 /* MJPropertyType.h */,
				24C02D76223FA7FA0040DAA6 /* NSObject+MJClass.m */,
				24C02D77223FA7FA0040DAA6 /* NSString+MJExtension.m */,
				24C02D78223FA7FA0040DAA6 /* MJPropertyKey.m */,
				24C02D79223FA7FA0040DAA6 /* MJProperty.h */,
				24C02D7A223FA7FA0040DAA6 /* NSObject+MJKeyValue.h */,
				24C02D7B223FA7FA0040DAA6 /* NSObject+MJCoding.h */,
				24C02D7C223FA7FA0040DAA6 /* MJFoundation.m */,
			);
			path = MJExtension;
			sourceTree = "<group>";
		};
/* End PBXGroup section */

/* Begin PBXHeadersBuildPhase section */
		24C02D2A223FA7B70040DAA6 /* Headers */ = {
			isa = PBXHeadersBuildPhase;
			buildActionMask = 2147483647;
			files = (
				24C02D8E223FA9E10040DAA6 /* NSURLSessionTask+CYXModel.h in Headers */,
				24C02D9A223FA9E10040DAA6 /* CYXDownloadManager.h in Headers */,
				24C02D9B223FA9E10040DAA6 /* WebSourceManager.h in Headers */,
				24C02D96223FA9E10040DAA6 /* CYXDownloadConst.h in Headers */,
				24C02D92223FA9E10040DAA6 /* CYXDownloadOperation.h in Headers */,
				24C02D95223FA9E10040DAA6 /* CYXUncaughtExceptionHandler.h in Headers */,
				24C02D99223FA9E10040DAA6 /* CYXWebDownloadModel.h in Headers */,
				24C02D40223FA7B70040DAA6 /* CYX_DownLoad.h in Headers */,
				24C02D91223FA9E10040DAA6 /* CYXDownLoadModel.h in Headers */,
			);
			runOnlyForDeploymentPostprocessing = 0;
		};
/* End PBXHeadersBuildPhase section */

/* Begin PBXNativeTarget section */
		24C02D2E223FA7B70040DAA6 /* CYX_DownLoad */ = {
			isa = PBXNativeTarget;
			buildConfigurationList = 24C02D43223FA7B70040DAA6 /* Build configuration list for PBXNativeTarget "CYX_DownLoad" */;
			buildPhases = (
				24C02D2A223FA7B70040DAA6 /* Headers */,
				24C02D2B223FA7B70040DAA6 /* Sources */,
				24C02D2C223FA7B70040DAA6 /* Frameworks */,
				24C02D2D223FA7B70040DAA6 /* Resources */,
			);
			buildRules = (
			);
			dependencies = (
			);
			name = CYX_DownLoad;
			productName = CYX_DownLoad;
			productReference = 24C02D2F223FA7B70040DAA6 /* CYX_DownLoad.framework */;
			productType = "com.apple.product-type.framework";
		};
		24C02D37223FA7B70040DAA6 /* CYX_DownLoadTests */ = {
			isa = PBXNativeTarget;
			buildConfigurationList = 24C02D46223FA7B70040DAA6 /* Build configuration list for PBXNativeTarget "CYX_DownLoadTests" */;
			buildPhases = (
				24C02D34223FA7B70040DAA6 /* Sources */,
				24C02D35223FA7B70040DAA6 /* Frameworks */,
				24C02D36223FA7B70040DAA6 /* Resources */,
			);
			buildRules = (
			);
			dependencies = (
				24C02D3B223FA7B70040DAA6 /* PBXTargetDependency */,
			);
			name = CYX_DownLoadTests;
			productName = CYX_DownLoadTests;
			productReference = 24C02D38223FA7B70040DAA6 /* CYX_DownLoadTests.xctest */;
			productType = "com.apple.product-type.bundle.unit-test";
		};
/* End PBXNativeTarget section */

/* Begin PBXProject section */
		24C02D26223FA7B70040DAA6 /* Project object */ = {
			isa = PBXProject;
			attributes = {
				LastUpgradeCheck = 1010;
				ORGANIZATIONNAME = cheshikeji;
				TargetAttributes = {
					24C02D2E223FA7B70040DAA6 = {
						CreatedOnToolsVersion = 10.1;
					};
					24C02D37223FA7B70040DAA6 = {
						CreatedOnToolsVersion = 10.1;
					};
				};
			};
			buildConfigurationList = 24C02D29223FA7B70040DAA6 /* Build configuration list for PBXProject "CYX_DownLoad" */;
			compatibilityVersion = "Xcode 9.3";
			developmentRegion = en;
			hasScannedForEncodings = 0;
			knownRegions = (
				en,
			);
			mainGroup = 24C02D25223FA7B70040DAA6;
			productRefGroup = 24C02D30223FA7B70040DAA6 /* Products */;
			projectDirPath = "";
			projectRoot = "";
			targets = (
				24C02D2E223FA7B70040DAA6 /* CYX_DownLoad */,
				24C02D37223FA7B70040DAA6 /* CYX_DownLoadTests */,
			);
		};
/* End PBXProject section */

/* Begin PBXResourcesBuildPhase section */
		24C02D2D223FA7B70040DAA6 /* Resources */ = {
			isa = PBXResourcesBuildPhase;
			buildActionMask = 2147483647;
			files = (
			);
			runOnlyForDeploymentPostprocessing = 0;
		};
		24C02D36223FA7B70040DAA6 /* Resources */ = {
			isa = PBXResourcesBuildPhase;
			buildActionMask = 2147483647;
			files = (
			);
			runOnlyForDeploymentPostprocessing = 0;
		};
/* End PBXResourcesBuildPhase section */

/* Begin PBXSourcesBuildPhase section */
		24C02D2B223FA7B70040DAA6 /* Sources */ = {
			isa = PBXSourcesBuildPhase;
			buildActionMask = 2147483647;
			files = (
				24C02D9C223FA9E10040DAA6 /* WebSourceManager.m in Sources */,
				24C02D93223FA9E10040DAA6 /* CYXDownLoadModel.m in Sources */,
				24C02D90223FA9E10040DAA6 /* CYXDownloadOperation.m in Sources */,
				24C02D97223FA9E10040DAA6 /* CYXUncaughtExceptionHandler.m in Sources */,
				24C02D8F223FA9E10040DAA6 /* NSURLSessionTask+CYXModel.m in Sources */,
				24C02D98223FA9E10040DAA6 /* CYXDownloadManager.m in Sources */,
				24C02D94223FA9E10040DAA6 /* CYXWebDownloadModel.m in Sources */,
			);
			runOnlyForDeploymentPostprocessing = 0;
		};
		24C02D34223FA7B70040DAA6 /* Sources */ = {
			isa = PBXSourcesBuildPhase;
			buildActionMask = 2147483647;
			files = (
				24C02D3E223FA7B70040DAA6 /* CYX_DownLoadTests.m in Sources */,
			);
			runOnlyForDeploymentPostprocessing = 0;
		};
/* End PBXSourcesBuildPhase section */

/* Begin PBXTargetDependency section */
		24C02D3B223FA7B70040DAA6 /* PBXTargetDependency */ = {
			isa = PBXTargetDependency;
			target = 24C02D2E223FA7B70040DAA6 /* CYX_DownLoad */;
			targetProxy = 24C02D3A223FA7B70040DAA6 /* PBXContainerItemProxy */;
		};
/* End PBXTargetDependency section */

/* Begin XCBuildConfiguration section */
		24C02D41223FA7B70040DAA6 /* Debug */ = {
			isa = XCBuildConfiguration;
			buildSettings = {
				ALWAYS_SEARCH_USER_PATHS = NO;
				CLANG_ANALYZER_NONNULL = YES;
				CLANG_ANALYZER_NUMBER_OBJECT_CONVERSION = YES_AGGRESSIVE;
				CLANG_CXX_LANGUAGE_STANDARD = "gnu++14";
				CLANG_CXX_LIBRARY = "libc++";
				CLANG_ENABLE_MODULES = YES;
				CLANG_ENABLE_OBJC_ARC = YES;
				CLANG_ENABLE_OBJC_WEAK = YES;
				CLANG_WARN_BLOCK_CAPTURE_AUTORELEASING = YES;
				CLANG_WARN_BOOL_CONVERSION = YES;
				CLANG_WARN_COMMA = YES;
				CLANG_WARN_CONSTANT_CONVERSION = YES;
				CLANG_WARN_DEPRECATED_OBJC_IMPLEMENTATIONS = YES;
				CLANG_WARN_DIRECT_OBJC_ISA_USAGE = YES_ERROR;
				CLANG_WARN_DOCUMENTATION_COMMENTS = YES;
				CLANG_WARN_EMPTY_BODY = YES;
				CLANG_WARN_ENUM_CONVERSION = YES;
				CLANG_WARN_INFINITE_RECURSION = YES;
				CLANG_WARN_INT_CONVERSION = YES;
				CLANG_WARN_NON_LITERAL_NULL_CONVERSION = YES;
				CLANG_WARN_OBJC_IMPLICIT_RETAIN_SELF = YES;
				CLANG_WARN_OBJC_LITERAL_CONVERSION = YES;
				CLANG_WARN_OBJC_ROOT_CLASS = YES_ERROR;
				CLANG_WARN_RANGE_LOOP_ANALYSIS = YES;
				CLANG_WARN_STRICT_PROTOTYPES = YES;
				CLANG_WARN_SUSPICIOUS_MOVE = YES;
				CLANG_WARN_UNGUARDED_AVAILABILITY = YES_AGGRESSIVE;
				CLANG_WARN_UNREACHABLE_CODE = YES;
				CLANG_WARN__DUPLICATE_METHOD_MATCH = YES;
				CODE_SIGN_IDENTITY = "iPhone Developer";
				COPY_PHASE_STRIP = NO;
				CURRENT_PROJECT_VERSION = 1;
				DEBUG_INFORMATION_FORMAT = dwarf;
				ENABLE_STRICT_OBJC_MSGSEND = YES;
				ENABLE_TESTABILITY = YES;
				GCC_C_LANGUAGE_STANDARD = gnu11;
				GCC_DYNAMIC_NO_PIC = NO;
				GCC_NO_COMMON_BLOCKS = YES;
				GCC_OPTIMIZATION_LEVEL = 0;
				GCC_PREPROCESSOR_DEFINITIONS = (
					"DEBUG=1",
					"$(inherited)",
				);
				GCC_WARN_64_TO_32_BIT_CONVERSION = YES;
				GCC_WARN_ABOUT_RETURN_TYPE = YES_ERROR;
				GCC_WARN_UNDECLARED_SELECTOR = YES;
				GCC_WARN_UNINITIALIZED_AUTOS = YES_AGGRESSIVE;
				GCC_WARN_UNUSED_FUNCTION = YES;
				GCC_WARN_UNUSED_VARIABLE = YES;
				IPHONEOS_DEPLOYMENT_TARGET = 12.1;
				MTL_ENABLE_DEBUG_INFO = INCLUDE_SOURCE;
				MTL_FAST_MATH = YES;
				ONLY_ACTIVE_ARCH = YES;
				SDKROOT = iphoneos;
				VERSIONING_SYSTEM = "apple-generic";
				VERSION_INFO_PREFIX = "";
			};
			name = Debug;
		};
		24C02D42223FA7B70040DAA6 /* Release */ = {
			isa = XCBuildConfiguration;
			buildSettings = {
				ALWAYS_SEARCH_USER_PATHS = NO;
				CLANG_ANALYZER_NONNULL = YES;
				CLANG_ANALYZER_NUMBER_OBJECT_CONVERSION = YES_AGGRESSIVE;
				CLANG_CXX_LANGUAGE_STANDARD = "gnu++14";
				CLANG_CXX_LIBRARY = "libc++";
				CLANG_ENABLE_MODULES = YES;
				CLANG_ENABLE_OBJC_ARC = YES;
				CLANG_ENABLE_OBJC_WEAK = YES;
				CLANG_WARN_BLOCK_CAPTURE_AUTORELEASING = YES;
				CLANG_WARN_BOOL_CONVERSION = YES;
				CLANG_WARN_COMMA = YES;
				CLANG_WARN_CONSTANT_CONVERSION = YES;
				CLANG_WARN_DEPRECATED_OBJC_IMPLEMENTATIONS = YES;
				CLANG_WARN_DIRECT_OBJC_ISA_USAGE = YES_ERROR;
				CLANG_WARN_DOCUMENTATION_COMMENTS = YES;
				CLANG_WARN_EMPTY_BODY = YES;
				CLANG_WARN_ENUM_CONVERSION = YES;
				CLANG_WARN_INFINITE_RECURSION = YES;
				CLANG_WARN_INT_CONVERSION = YES;
				CLANG_WARN_NON_LITERAL_NULL_CONVERSION = YES;
				CLANG_WARN_OBJC_IMPLICIT_RETAIN_SELF = YES;
				CLANG_WARN_OBJC_LITERAL_CONVERSION = YES;
				CLANG_WARN_OBJC_ROOT_CLASS = YES_ERROR;
				CLANG_WARN_RANGE_LOOP_ANALYSIS = YES;
				CLANG_WARN_STRICT_PROTOTYPES = YES;
				CLANG_WARN_SUSPICIOUS_MOVE = YES;
				CLANG_WARN_UNGUARDED_AVAILABILITY = YES_AGGRESSIVE;
				CLANG_WARN_UNREACHABLE_CODE = YES;
				CLANG_WARN__DUPLICATE_METHOD_MATCH = YES;
				CODE_SIGN_IDENTITY = "iPhone Developer";
				COPY_PHASE_STRIP = NO;
				CURRENT_PROJECT_VERSION = 1;
				DEBUG_INFORMATION_FORMAT = "dwarf-with-dsym";
				ENABLE_NS_ASSERTIONS = NO;
				ENABLE_STRICT_OBJC_MSGSEND = YES;
				GCC_C_LANGUAGE_STANDARD = gnu11;
				GCC_NO_COMMON_BLOCKS = YES;
				GCC_WARN_64_TO_32_BIT_CONVERSION = YES;
				GCC_WARN_ABOUT_RETURN_TYPE = YES_ERROR;
				GCC_WARN_UNDECLARED_SELECTOR = YES;
				GCC_WARN_UNINITIALIZED_AUTOS = YES_AGGRESSIVE;
				GCC_WARN_UNUSED_FUNCTION = YES;
				GCC_WARN_UNUSED_VARIABLE = YES;
				IPHONEOS_DEPLOYMENT_TARGET = 12.1;
				MTL_ENABLE_DEBUG_INFO = NO;
				MTL_FAST_MATH = YES;
				SDKROOT = iphoneos;
				VALIDATE_PRODUCT = YES;
				VERSIONING_SYSTEM = "apple-generic";
				VERSION_INFO_PREFIX = "";
			};
			name = Release;
		};
		24C02D44223FA7B70040DAA6 /* Debug */ = {
			isa = XCBuildConfiguration;
			buildSettings = {
				CODE_SIGN_IDENTITY = "";
				CODE_SIGN_STYLE = Automatic;
				DEFINES_MODULE = YES;
				DEVELOPMENT_TEAM = 35J8B6V9HD;
				DYLIB_COMPATIBILITY_VERSION = 1;
				DYLIB_CURRENT_VERSION = 1;
				DYLIB_INSTALL_NAME_BASE = "@rpath";
				INFOPLIST_FILE = CYX_DownLoad/Info.plist;
				INSTALL_PATH = "$(LOCAL_LIBRARY_DIR)/Frameworks";
				IPHONEOS_DEPLOYMENT_TARGET = 8.0;
				LD_RUNPATH_SEARCH_PATHS = (
					"$(inherited)",
					"@executable_path/Frameworks",
					"@loader_path/Frameworks",
				);
				MACH_O_TYPE = staticlib;
				ONLY_ACTIVE_ARCH = NO;
				PRODUCT_BUNDLE_IDENTIFIER = "cheshikeji.CYX-DownLoad";
				PRODUCT_NAME = "$(TARGET_NAME:c99extidentifier)";
				SKIP_INSTALL = YES;
				TARGETED_DEVICE_FAMILY = "1,2";
			};
			name = Debug;
		};
		24C02D45223FA7B70040DAA6 /* Release */ = {
			isa = XCBuildConfiguration;
			buildSettings = {
				CODE_SIGN_IDENTITY = "";
				CODE_SIGN_STYLE = Automatic;
				DEFINES_MODULE = YES;
				DEVELOPMENT_TEAM = 35J8B6V9HD;
				DYLIB_COMPATIBILITY_VERSION = 1;
				DYLIB_CURRENT_VERSION = 1;
				DYLIB_INSTALL_NAME_BASE = "@rpath";
				INFOPLIST_FILE = CYX_DownLoad/Info.plist;
				INSTALL_PATH = "$(LOCAL_LIBRARY_DIR)/Frameworks";
				IPHONEOS_DEPLOYMENT_TARGET = 8.0;
				LD_RUNPATH_SEARCH_PATHS = (
					"$(inherited)",
					"@executable_path/Frameworks",
					"@loader_path/Frameworks",
				);
				MACH_O_TYPE = staticlib;
				ONLY_ACTIVE_ARCH = NO;
				PRODUCT_BUNDLE_IDENTIFIER = "cheshikeji.CYX-DownLoad";
				PRODUCT_NAME = "$(TARGET_NAME:c99extidentifier)";
				SKIP_INSTALL = YES;
				TARGETED_DEVICE_FAMILY = "1,2";
			};
			name = Release;
		};
		24C02D47223FA7B70040DAA6 /* Debug */ = {
			isa = XCBuildConfiguration;
			buildSettings = {
				CODE_SIGN_STYLE = Automatic;
				DEVELOPMENT_TEAM = 35J8B6V9HD;
				INFOPLIST_FILE = CYX_DownLoadTests/Info.plist;
				LD_RUNPATH_SEARCH_PATHS = (
					"$(inherited)",
					"@executable_path/Frameworks",
					"@loader_path/Frameworks",
				);
				PRODUCT_BUNDLE_IDENTIFIER = "cheshikeji.CYX-DownLoadTests";
				PRODUCT_NAME = "$(TARGET_NAME)";
				TARGETED_DEVICE_FAMILY = "1,2";
			};
			name = Debug;
		};
		24C02D48223FA7B70040DAA6 /* Release */ = {
			isa = XCBuildConfiguration;
			buildSettings = {
				CODE_SIGN_STYLE = Automatic;
				DEVELOPMENT_TEAM = 35J8B6V9HD;
				INFOPLIST_FILE = CYX_DownLoadTests/Info.plist;
				LD_RUNPATH_SEARCH_PATHS = (
					"$(inherited)",
					"@executable_path/Frameworks",
					"@loader_path/Frameworks",
				);
				PRODUCT_BUNDLE_IDENTIFIER = "cheshikeji.CYX-DownLoadTests";
				PRODUCT_NAME = "$(TARGET_NAME)";
				TARGETED_DEVICE_FAMILY = "1,2";
			};
			name = Release;
		};
/* End XCBuildConfiguration section */

/* Begin XCConfigurationList section */
		24C02D29223FA7B70040DAA6 /* Build configuration list for PBXProject "CYX_DownLoad" */ = {
			isa = XCConfigurationList;
			buildConfigurations = (
				24C02D41223FA7B70040DAA6 /* Debug */,
				24C02D42223FA7B70040DAA6 /* Release */,
			);
			defaultConfigurationIsVisible = 0;
			defaultConfigurationName = Release;
		};
		24C02D43223FA7B70040DAA6 /* Build configuration list for PBXNativeTarget "CYX_DownLoad" */ = {
			isa = XCConfigurationList;
			buildConfigurations = (
				24C02D44223FA7B70040DAA6 /* Debug */,
				24C02D45223FA7B70040DAA6 /* Release */,
			);
			defaultConfigurationIsVisible = 0;
			defaultConfigurationName = Release;
		};
		24C02D46223FA7B70040DAA6 /* Build configuration list for PBXNativeTarget "CYX_DownLoadTests" */ = {
			isa = XCConfigurationList;
			buildConfigurations = (
				24C02D47223FA7B70040DAA6 /* Debug */,
				24C02D48223FA7B70040DAA6 /* Release */,
			);
			defaultConfigurationIsVisible = 0;
			defaultConfigurationName = Release;
		};
/* End XCConfigurationList section */
	};
	rootObject = 24C02D26223FA7B70040DAA6 /* Project object */;
}
